// !$*UTF8*$!
{
	archiveVersion = 1;
	classes = {
	};
	objectVersion = 51;
	objects = {

/* Begin PBXBuildFile section */
		26170A35277C520900D3CFD6 /* AppDelegate.swift in Sources */ = {isa = PBXBuildFile; fileRef = 26170A34277C520900D3CFD6 /* AppDelegate.swift */; };
		26170A37277C520900D3CFD6 /* SceneDelegate.swift in Sources */ = {isa = PBXBuildFile; fileRef = 26170A36277C520900D3CFD6 /* SceneDelegate.swift */; };
		26170A39277C520900D3CFD6 /* MoviesController.swift in Sources */ = {isa = PBXBuildFile; fileRef = 26170A38277C520900D3CFD6 /* MoviesController.swift */; };
		26170A3E277C520E00D3CFD6 /* Assets.xcassets in Resources */ = {isa = PBXBuildFile; fileRef = 26170A3D277C520E00D3CFD6 /* Assets.xcassets */; };
		26170A41277C520E00D3CFD6 /* LaunchScreen.storyboard in Resources */ = {isa = PBXBuildFile; fileRef = 26170A3F277C520E00D3CFD6 /* LaunchScreen.storyboard */; };
		26170A4C277C520F00D3CFD6 /* MovieManiacTests.swift in Sources */ = {isa = PBXBuildFile; fileRef = 26170A4B277C520F00D3CFD6 /* MovieManiacTests.swift */; };
		26170A57277C520F00D3CFD6 /* MovieManiacUITests.swift in Sources */ = {isa = PBXBuildFile; fileRef = 26170A56277C520F00D3CFD6 /* MovieManiacUITests.swift */; };
		26170A67277C546700D3CFD6 /* SeriesViewController.swift in Sources */ = {isa = PBXBuildFile; fileRef = 26170A66277C546700D3CFD6 /* SeriesViewController.swift */; };
		26170A69277C54E400D3CFD6 /* ExploreViewController.swift in Sources */ = {isa = PBXBuildFile; fileRef = 26170A68277C54E400D3CFD6 /* ExploreViewController.swift */; };
		26170A6B277C551600D3CFD6 /* NotificationsViewController.swift in Sources */ = {isa = PBXBuildFile; fileRef = 26170A6A277C551600D3CFD6 /* NotificationsViewController.swift */; };
		26170A6D277C567600D3CFD6 /* TabBarController.swift in Sources */ = {isa = PBXBuildFile; fileRef = 26170A6C277C567600D3CFD6 /* TabBarController.swift */; };
		263ADD012786D4D100624C82 /* Headers.swift in Sources */ = {isa = PBXBuildFile; fileRef = 263ADD002786D4D100624C82 /* Headers.swift */; };
		263ADD042786D50100624C82 /* MovieResponse.swift in Sources */ = {isa = PBXBuildFile; fileRef = 263ADD032786D50100624C82 /* MovieResponse.swift */; };
		263ADD072786D52F00624C82 /* AlamofireManager.swift in Sources */ = {isa = PBXBuildFile; fileRef = 263ADD062786D52F00624C82 /* AlamofireManager.swift */; };
		263ADD0A2786D5F000624C82 /* MoviesTableViewCell.swift in Sources */ = {isa = PBXBuildFile; fileRef = 263ADD092786D5F000624C82 /* MoviesTableViewCell.swift */; };
		263ADD0C2786D64E00624C82 /* MoviesCollectionViewCell.swift in Sources */ = {isa = PBXBuildFile; fileRef = 263ADD0B2786D64E00624C82 /* MoviesCollectionViewCell.swift */; };
		263ADD0F27870B4B00624C82 /* MoviesViewModel.swift in Sources */ = {isa = PBXBuildFile; fileRef = 263ADD0E27870B4B00624C82 /* MoviesViewModel.swift */; };
		263ADD1227871E5C00624C82 /* Protocols.swift in Sources */ = {isa = PBXBuildFile; fileRef = 263ADD1127871E5C00624C82 /* Protocols.swift */; };
		26B13CF2281C8837003C295E /* AiringTodayTVSeriesResponse.swift in Sources */ = {isa = PBXBuildFile; fileRef = 26B13CF1281C8837003C295E /* AiringTodayTVSeriesResponse.swift */; };
		26B13CF6281C8AFA003C295E /* AiringTodayTVSeriesCollectionViewCell.swift in Sources */ = {isa = PBXBuildFile; fileRef = 26B13CF5281C8AFA003C295E /* AiringTodayTVSeriesCollectionViewCell.swift */; };
		26B13CFA281DD87F003C295E /* PopularTVSeriesResponse.swift in Sources */ = {isa = PBXBuildFile; fileRef = 26B13CF9281DD87E003C295E /* PopularTVSeriesResponse.swift */; };
		26B13CFC281DD95E003C295E /* PopularTVSeriesCollectionViewCell.swift in Sources */ = {isa = PBXBuildFile; fileRef = 26B13CFB281DD95E003C295E /* PopularTVSeriesCollectionViewCell.swift */; };
		26B13CFE281DF305003C295E /* TopRatedTVSeriesResponse.swift in Sources */ = {isa = PBXBuildFile; fileRef = 26B13CFD281DF305003C295E /* TopRatedTVSeriesResponse.swift */; };
		26B13D00281DF38A003C295E /* TopRatedTVSeriesCollectionViewCell.swift in Sources */ = {isa = PBXBuildFile; fileRef = 26B13CFF281DF38A003C295E /* TopRatedTVSeriesCollectionViewCell.swift */; };
		26CF04702789A7130052801C /* SearchViewController.swift in Sources */ = {isa = PBXBuildFile; fileRef = 26CF046F2789A7130052801C /* SearchViewController.swift */; };
		26D4B8172802B55A00A0B63D /* TopRatedMoviesResponse.swift in Sources */ = {isa = PBXBuildFile; fileRef = 26D4B8162802B55A00A0B63D /* TopRatedMoviesResponse.swift */; };
		26D4B8192802B73D00A0B63D /* PopularMoviesResponse.swift in Sources */ = {isa = PBXBuildFile; fileRef = 26D4B8182802B73D00A0B63D /* PopularMoviesResponse.swift */; };
		26D4B81B2802B82900A0B63D /* UpcomingMovieResponse.swift in Sources */ = {isa = PBXBuildFile; fileRef = 26D4B81A2802B82900A0B63D /* UpcomingMovieResponse.swift */; };
		26D4B81D2802B8DB00A0B63D /* NowPlayingMoviesResponse.swift in Sources */ = {isa = PBXBuildFile; fileRef = 26D4B81C2802B8DB00A0B63D /* NowPlayingMoviesResponse.swift */; };
		26DFEF47280AA75E00F2E5A6 /* TitleHeaderCollectionReusableView.swift in Sources */ = {isa = PBXBuildFile; fileRef = 26DFEF46280AA75E00F2E5A6 /* TitleHeaderCollectionReusableView.swift */; };
		26DFEF4A280AA80C00F2E5A6 /* Extensions.swift in Sources */ = {isa = PBXBuildFile; fileRef = 26DFEF49280AA80C00F2E5A6 /* Extensions.swift */; };
		26DFEF4C280AC9D600F2E5A6 /* TopRatedMoviesCollectionViewCell.swift in Sources */ = {isa = PBXBuildFile; fileRef = 26DFEF4B280AC9D600F2E5A6 /* TopRatedMoviesCollectionViewCell.swift */; };
		26DFEF4E280B5A6900F2E5A6 /* UpcomingCollectionViewCell.swift in Sources */ = {isa = PBXBuildFile; fileRef = 26DFEF4D280B5A6900F2E5A6 /* UpcomingCollectionViewCell.swift */; };
		26DFEF50280C1C4900F2E5A6 /* TopRatedMoviesCellViewModel.swift in Sources */ = {isa = PBXBuildFile; fileRef = 26DFEF4F280C1C4900F2E5A6 /* TopRatedMoviesCellViewModel.swift */; };
		26DFEF52280C1C7700F2E5A6 /* PopularMoviesCellViewModel.swift in Sources */ = {isa = PBXBuildFile; fileRef = 26DFEF51280C1C7700F2E5A6 /* PopularMoviesCellViewModel.swift */; };
		26DFEF54280C1C9200F2E5A6 /* UpcomingMoviesCellViewModel.swift in Sources */ = {isa = PBXBuildFile; fileRef = 26DFEF53280C1C9200F2E5A6 /* UpcomingMoviesCellViewModel.swift */; };
		26DFEF56280C1D0400F2E5A6 /* PopularMoviesCollectionViewCell.swift in Sources */ = {isa = PBXBuildFile; fileRef = 26DFEF55280C1D0400F2E5A6 /* PopularMoviesCollectionViewCell.swift */; };
		26DFEF58280C2DD500F2E5A6 /* NowPlayingMoviesCollectionViewCell.swift in Sources */ = {isa = PBXBuildFile; fileRef = 26DFEF57280C2DD500F2E5A6 /* NowPlayingMoviesCollectionViewCell.swift */; };
		49CC709C21A2498AA7D3CBDC /* Pods_MovieManiac.framework in Frameworks */ = {isa = PBXBuildFile; fileRef = 93C9EBDA4F008A61BAD25053 /* Pods_MovieManiac.framework */; };
		4B411E2D44BCF3AB9E2583CE /* Pods_MovieManiac_MovieManiacUITests.framework in Frameworks */ = {isa = PBXBuildFile; fileRef = 31F16842E7C18DA6750FCCFA /* Pods_MovieManiac_MovieManiacUITests.framework */; };
		6DA7B428E08C40671DC90AE2 /* Pods_MovieManiacTests.framework in Frameworks */ = {isa = PBXBuildFile; fileRef = A00936DC248EE1B6B0A17C63 /* Pods_MovieManiacTests.framework */; };
/* End PBXBuildFile section */

/* Begin PBXContainerItemProxy section */
		26170A48277C520E00D3CFD6 /* PBXContainerItemProxy */ = {
			isa = PBXContainerItemProxy;
			containerPortal = 26170A29277C520900D3CFD6 /* Project object */;
			proxyType = 1;
			remoteGlobalIDString = 26170A30277C520900D3CFD6;
			remoteInfo = MovieManiac;
		};
		26170A53277C520F00D3CFD6 /* PBXContainerItemProxy */ = {
			isa = PBXContainerItemProxy;
			containerPortal = 26170A29277C520900D3CFD6 /* Project object */;
			proxyType = 1;
			remoteGlobalIDString = 26170A30277C520900D3CFD6;
			remoteInfo = MovieManiac;
		};
/* End PBXContainerItemProxy section */

/* Begin PBXFileReference section */
		1C7EC3117A6380F31DDBC611 /* Pods-MovieManiac-MovieManiacUITests.debug.xcconfig */ = {isa = PBXFileReference; includeInIndex = 1; lastKnownFileType = text.xcconfig; name = "Pods-MovieManiac-MovieManiacUITests.debug.xcconfig"; path = "Target Support Files/Pods-MovieManiac-MovieManiacUITests/Pods-MovieManiac-MovieManiacUITests.debug.xcconfig"; sourceTree = "<group>"; };
		1FB2DA3D332C9265AD564DD3 /* Pods-MovieManiacTests.release.xcconfig */ = {isa = PBXFileReference; includeInIndex = 1; lastKnownFileType = text.xcconfig; name = "Pods-MovieManiacTests.release.xcconfig"; path = "Target Support Files/Pods-MovieManiacTests/Pods-MovieManiacTests.release.xcconfig"; sourceTree = "<group>"; };
		218015D02B3870F3F87E9998 /* Pods-MovieManiac-MovieManiacUITests.release.xcconfig */ = {isa = PBXFileReference; includeInIndex = 1; lastKnownFileType = text.xcconfig; name = "Pods-MovieManiac-MovieManiacUITests.release.xcconfig"; path = "Target Support Files/Pods-MovieManiac-MovieManiacUITests/Pods-MovieManiac-MovieManiacUITests.release.xcconfig"; sourceTree = "<group>"; };
		26170A31277C520900D3CFD6 /* MovieManiac.app */ = {isa = PBXFileReference; explicitFileType = wrapper.application; includeInIndex = 0; path = MovieManiac.app; sourceTree = BUILT_PRODUCTS_DIR; };
		26170A34277C520900D3CFD6 /* AppDelegate.swift */ = {isa = PBXFileReference; lastKnownFileType = sourcecode.swift; path = AppDelegate.swift; sourceTree = "<group>"; };
		26170A36277C520900D3CFD6 /* SceneDelegate.swift */ = {isa = PBXFileReference; lastKnownFileType = sourcecode.swift; path = SceneDelegate.swift; sourceTree = "<group>"; };
		26170A38277C520900D3CFD6 /* MoviesController.swift */ = {isa = PBXFileReference; lastKnownFileType = sourcecode.swift; path = MoviesController.swift; sourceTree = "<group>"; };
		26170A3D277C520E00D3CFD6 /* Assets.xcassets */ = {isa = PBXFileReference; lastKnownFileType = folder.assetcatalog; path = Assets.xcassets; sourceTree = "<group>"; };
		26170A40277C520E00D3CFD6 /* Base */ = {isa = PBXFileReference; lastKnownFileType = file.storyboard; name = Base; path = Base.lproj/LaunchScreen.storyboard; sourceTree = "<group>"; };
		26170A42277C520E00D3CFD6 /* Info.plist */ = {isa = PBXFileReference; lastKnownFileType = text.plist.xml; path = Info.plist; sourceTree = "<group>"; };
		26170A47277C520E00D3CFD6 /* MovieManiacTests.xctest */ = {isa = PBXFileReference; explicitFileType = wrapper.cfbundle; includeInIndex = 0; path = MovieManiacTests.xctest; sourceTree = BUILT_PRODUCTS_DIR; };
		26170A4B277C520F00D3CFD6 /* MovieManiacTests.swift */ = {isa = PBXFileReference; lastKnownFileType = sourcecode.swift; path = MovieManiacTests.swift; sourceTree = "<group>"; };
		26170A4D277C520F00D3CFD6 /* Info.plist */ = {isa = PBXFileReference; lastKnownFileType = text.plist.xml; path = Info.plist; sourceTree = "<group>"; };
		26170A52277C520F00D3CFD6 /* MovieManiacUITests.xctest */ = {isa = PBXFileReference; explicitFileType = wrapper.cfbundle; includeInIndex = 0; path = MovieManiacUITests.xctest; sourceTree = BUILT_PRODUCTS_DIR; };
		26170A56277C520F00D3CFD6 /* MovieManiacUITests.swift */ = {isa = PBXFileReference; lastKnownFileType = sourcecode.swift; path = MovieManiacUITests.swift; sourceTree = "<group>"; };
		26170A58277C520F00D3CFD6 /* Info.plist */ = {isa = PBXFileReference; lastKnownFileType = text.plist.xml; path = Info.plist; sourceTree = "<group>"; };
		26170A66277C546700D3CFD6 /* SeriesViewController.swift */ = {isa = PBXFileReference; lastKnownFileType = sourcecode.swift; path = SeriesViewController.swift; sourceTree = "<group>"; };
		26170A68277C54E400D3CFD6 /* ExploreViewController.swift */ = {isa = PBXFileReference; lastKnownFileType = sourcecode.swift; path = ExploreViewController.swift; sourceTree = "<group>"; };
		26170A6A277C551600D3CFD6 /* NotificationsViewController.swift */ = {isa = PBXFileReference; lastKnownFileType = sourcecode.swift; path = NotificationsViewController.swift; sourceTree = "<group>"; };
		26170A6C277C567600D3CFD6 /* TabBarController.swift */ = {isa = PBXFileReference; lastKnownFileType = sourcecode.swift; path = TabBarController.swift; sourceTree = "<group>"; };
		263ADD002786D4D100624C82 /* Headers.swift */ = {isa = PBXFileReference; lastKnownFileType = sourcecode.swift; path = Headers.swift; sourceTree = "<group>"; };
		263ADD032786D50100624C82 /* MovieResponse.swift */ = {isa = PBXFileReference; lastKnownFileType = sourcecode.swift; path = MovieResponse.swift; sourceTree = "<group>"; };
		263ADD062786D52F00624C82 /* AlamofireManager.swift */ = {isa = PBXFileReference; lastKnownFileType = sourcecode.swift; path = AlamofireManager.swift; sourceTree = "<group>"; };
		263ADD092786D5F000624C82 /* MoviesTableViewCell.swift */ = {isa = PBXFileReference; lastKnownFileType = sourcecode.swift; path = MoviesTableViewCell.swift; sourceTree = "<group>"; };
		263ADD0B2786D64E00624C82 /* MoviesCollectionViewCell.swift */ = {isa = PBXFileReference; lastKnownFileType = sourcecode.swift; path = MoviesCollectionViewCell.swift; sourceTree = "<group>"; };
		263ADD0E27870B4B00624C82 /* MoviesViewModel.swift */ = {isa = PBXFileReference; lastKnownFileType = sourcecode.swift; path = MoviesViewModel.swift; sourceTree = "<group>"; };
		263ADD1127871E5C00624C82 /* Protocols.swift */ = {isa = PBXFileReference; lastKnownFileType = sourcecode.swift; path = Protocols.swift; sourceTree = "<group>"; };
		26B13CF1281C8837003C295E /* AiringTodayTVSeriesResponse.swift */ = {isa = PBXFileReference; lastKnownFileType = sourcecode.swift; path = AiringTodayTVSeriesResponse.swift; sourceTree = "<group>"; };
		26B13CF5281C8AFA003C295E /* AiringTodayTVSeriesCollectionViewCell.swift */ = {isa = PBXFileReference; lastKnownFileType = sourcecode.swift; path = AiringTodayTVSeriesCollectionViewCell.swift; sourceTree = "<group>"; };
		26B13CF9281DD87E003C295E /* PopularTVSeriesResponse.swift */ = {isa = PBXFileReference; lastKnownFileType = sourcecode.swift; path = PopularTVSeriesResponse.swift; sourceTree = "<group>"; };
		26B13CFB281DD95E003C295E /* PopularTVSeriesCollectionViewCell.swift */ = {isa = PBXFileReference; lastKnownFileType = sourcecode.swift; path = PopularTVSeriesCollectionViewCell.swift; sourceTree = "<group>"; };
		26B13CFD281DF305003C295E /* TopRatedTVSeriesResponse.swift */ = {isa = PBXFileReference; lastKnownFileType = sourcecode.swift; path = TopRatedTVSeriesResponse.swift; sourceTree = "<group>"; };
		26B13CFF281DF38A003C295E /* TopRatedTVSeriesCollectionViewCell.swift */ = {isa = PBXFileReference; lastKnownFileType = sourcecode.swift; path = TopRatedTVSeriesCollectionViewCell.swift; sourceTree = "<group>"; };
		26CF046F2789A7130052801C /* SearchViewController.swift */ = {isa = PBXFileReference; lastKnownFileType = sourcecode.swift; path = SearchViewController.swift; sourceTree = "<group>"; };
		26D4B8162802B55A00A0B63D /* TopRatedMoviesResponse.swift */ = {isa = PBXFileReference; lastKnownFileType = sourcecode.swift; path = TopRatedMoviesResponse.swift; sourceTree = "<group>"; };
		26D4B8182802B73D00A0B63D /* PopularMoviesResponse.swift */ = {isa = PBXFileReference; lastKnownFileType = sourcecode.swift; path = PopularMoviesResponse.swift; sourceTree = "<group>"; };
		26D4B81A2802B82900A0B63D /* UpcomingMovieResponse.swift */ = {isa = PBXFileReference; lastKnownFileType = sourcecode.swift; path = UpcomingMovieResponse.swift; sourceTree = "<group>"; };
		26D4B81C2802B8DB00A0B63D /* NowPlayingMoviesResponse.swift */ = {isa = PBXFileReference; lastKnownFileType = sourcecode.swift; path = NowPlayingMoviesResponse.swift; sourceTree = "<group>"; };
		26DFEF46280AA75E00F2E5A6 /* TitleHeaderCollectionReusableView.swift */ = {isa = PBXFileReference; lastKnownFileType = sourcecode.swift; path = TitleHeaderCollectionReusableView.swift; sourceTree = "<group>"; };
		26DFEF49280AA80C00F2E5A6 /* Extensions.swift */ = {isa = PBXFileReference; lastKnownFileType = sourcecode.swift; path = Extensions.swift; sourceTree = "<group>"; };
		26DFEF4B280AC9D600F2E5A6 /* TopRatedMoviesCollectionViewCell.swift */ = {isa = PBXFileReference; lastKnownFileType = sourcecode.swift; path = TopRatedMoviesCollectionViewCell.swift; sourceTree = "<group>"; };
		26DFEF4D280B5A6900F2E5A6 /* UpcomingCollectionViewCell.swift */ = {isa = PBXFileReference; lastKnownFileType = sourcecode.swift; path = UpcomingCollectionViewCell.swift; sourceTree = "<group>"; };
		26DFEF4F280C1C4900F2E5A6 /* TopRatedMoviesCellViewModel.swift */ = {isa = PBXFileReference; lastKnownFileType = sourcecode.swift; path = TopRatedMoviesCellViewModel.swift; sourceTree = "<group>"; };
		26DFEF51280C1C7700F2E5A6 /* PopularMoviesCellViewModel.swift */ = {isa = PBXFileReference; lastKnownFileType = sourcecode.swift; path = PopularMoviesCellViewModel.swift; sourceTree = "<group>"; };
		26DFEF53280C1C9200F2E5A6 /* UpcomingMoviesCellViewModel.swift */ = {isa = PBXFileReference; lastKnownFileType = sourcecode.swift; path = UpcomingMoviesCellViewModel.swift; sourceTree = "<group>"; };
		26DFEF55280C1D0400F2E5A6 /* PopularMoviesCollectionViewCell.swift */ = {isa = PBXFileReference; lastKnownFileType = sourcecode.swift; path = PopularMoviesCollectionViewCell.swift; sourceTree = "<group>"; };
		26DFEF57280C2DD500F2E5A6 /* NowPlayingMoviesCollectionViewCell.swift */ = {isa = PBXFileReference; lastKnownFileType = sourcecode.swift; path = NowPlayingMoviesCollectionViewCell.swift; sourceTree = "<group>"; };
		31F16842E7C18DA6750FCCFA /* Pods_MovieManiac_MovieManiacUITests.framework */ = {isa = PBXFileReference; explicitFileType = wrapper.framework; includeInIndex = 0; path = Pods_MovieManiac_MovieManiacUITests.framework; sourceTree = BUILT_PRODUCTS_DIR; };
		7D4AA0151BE22A32FD1DBAEC /* Pods-MovieManiac.debug.xcconfig */ = {isa = PBXFileReference; includeInIndex = 1; lastKnownFileType = text.xcconfig; name = "Pods-MovieManiac.debug.xcconfig"; path = "Target Support Files/Pods-MovieManiac/Pods-MovieManiac.debug.xcconfig"; sourceTree = "<group>"; };
		93C9EBDA4F008A61BAD25053 /* Pods_MovieManiac.framework */ = {isa = PBXFileReference; explicitFileType = wrapper.framework; includeInIndex = 0; path = Pods_MovieManiac.framework; sourceTree = BUILT_PRODUCTS_DIR; };
		9C5B13D285973038EFF0D088 /* Pods-MovieManiacTests.debug.xcconfig */ = {isa = PBXFileReference; includeInIndex = 1; lastKnownFileType = text.xcconfig; name = "Pods-MovieManiacTests.debug.xcconfig"; path = "Target Support Files/Pods-MovieManiacTests/Pods-MovieManiacTests.debug.xcconfig"; sourceTree = "<group>"; };
		A00936DC248EE1B6B0A17C63 /* Pods_MovieManiacTests.framework */ = {isa = PBXFileReference; explicitFileType = wrapper.framework; includeInIndex = 0; path = Pods_MovieManiacTests.framework; sourceTree = BUILT_PRODUCTS_DIR; };
		C844632D37DDD8513231E8AF /* Pods-MovieManiac.release.xcconfig */ = {isa = PBXFileReference; includeInIndex = 1; lastKnownFileType = text.xcconfig; name = "Pods-MovieManiac.release.xcconfig"; path = "Target Support Files/Pods-MovieManiac/Pods-MovieManiac.release.xcconfig"; sourceTree = "<group>"; };
/* End PBXFileReference section */

/* Begin PBXFrameworksBuildPhase section */
		26170A2E277C520900D3CFD6 /* Frameworks */ = {
			isa = PBXFrameworksBuildPhase;
			buildActionMask = 2147483647;
			files = (
				49CC709C21A2498AA7D3CBDC /* Pods_MovieManiac.framework in Frameworks */,
			);
			runOnlyForDeploymentPostprocessing = 0;
		};
		26170A44277C520E00D3CFD6 /* Frameworks */ = {
			isa = PBXFrameworksBuildPhase;
			buildActionMask = 2147483647;
			files = (
				6DA7B428E08C40671DC90AE2 /* Pods_MovieManiacTests.framework in Frameworks */,
			);
			runOnlyForDeploymentPostprocessing = 0;
		};
		26170A4F277C520F00D3CFD6 /* Frameworks */ = {
			isa = PBXFrameworksBuildPhase;
			buildActionMask = 2147483647;
			files = (
				4B411E2D44BCF3AB9E2583CE /* Pods_MovieManiac_MovieManiacUITests.framework in Frameworks */,
			);
			runOnlyForDeploymentPostprocessing = 0;
		};
/* End PBXFrameworksBuildPhase section */

/* Begin PBXGroup section */
		02362939EF5F354F1C15D3EE /* Frameworks */ = {
			isa = PBXGroup;
			children = (
				93C9EBDA4F008A61BAD25053 /* Pods_MovieManiac.framework */,
				31F16842E7C18DA6750FCCFA /* Pods_MovieManiac_MovieManiacUITests.framework */,
				A00936DC248EE1B6B0A17C63 /* Pods_MovieManiacTests.framework */,
			);
			name = Frameworks;
			sourceTree = "<group>";
		};
		26170A28277C520900D3CFD6 = {
			isa = PBXGroup;
			children = (
				26DFEF48280AA7F400F2E5A6 /* Extensions */,
				26D4B8152802ABFC00A0B63D /* extras */,
				263ADD1027871E4D00624C82 /* Protocols */,
				263ADD0D27870B3700624C82 /* ViewModels */,
				263ADD082786D5D700624C82 /* Cells */,
				263ADD052786D52100624C82 /* Service */,
				263ADD022786D4F300624C82 /* Model */,
				263ADCFF2786D4C600624C82 /* Helper */,
				26170A65277C53AD00D3CFD6 /* Controllers */,
				26170A33277C520900D3CFD6 /* MovieManiac */,
				26170A4A277C520F00D3CFD6 /* MovieManiacTests */,
				26170A55277C520F00D3CFD6 /* MovieManiacUITests */,
				26170A32277C520900D3CFD6 /* Products */,
				51997E261ECD3DB4177FE416 /* Pods */,
				02362939EF5F354F1C15D3EE /* Frameworks */,
			);
			sourceTree = "<group>";
		};
		26170A32277C520900D3CFD6 /* Products */ = {
			isa = PBXGroup;
			children = (
				26170A31277C520900D3CFD6 /* MovieManiac.app */,
				26170A47277C520E00D3CFD6 /* MovieManiacTests.xctest */,
				26170A52277C520F00D3CFD6 /* MovieManiacUITests.xctest */,
			);
			name = Products;
			sourceTree = "<group>";
		};
		26170A33277C520900D3CFD6 /* MovieManiac */ = {
			isa = PBXGroup;
			children = (
				26170A34277C520900D3CFD6 /* AppDelegate.swift */,
				26170A36277C520900D3CFD6 /* SceneDelegate.swift */,
				26170A3D277C520E00D3CFD6 /* Assets.xcassets */,
				26170A3F277C520E00D3CFD6 /* LaunchScreen.storyboard */,
				26170A42277C520E00D3CFD6 /* Info.plist */,
			);
			path = MovieManiac;
			sourceTree = "<group>";
		};
		26170A4A277C520F00D3CFD6 /* MovieManiacTests */ = {
			isa = PBXGroup;
			children = (
				26170A4B277C520F00D3CFD6 /* MovieManiacTests.swift */,
				26170A4D277C520F00D3CFD6 /* Info.plist */,
			);
			path = MovieManiacTests;
			sourceTree = "<group>";
		};
		26170A55277C520F00D3CFD6 /* MovieManiacUITests */ = {
			isa = PBXGroup;
			children = (
				26170A56277C520F00D3CFD6 /* MovieManiacUITests.swift */,
				26170A58277C520F00D3CFD6 /* Info.plist */,
			);
			path = MovieManiacUITests;
			sourceTree = "<group>";
		};
		26170A65277C53AD00D3CFD6 /* Controllers */ = {
			isa = PBXGroup;
			children = (
				26170A38277C520900D3CFD6 /* MoviesController.swift */,
				26170A66277C546700D3CFD6 /* SeriesViewController.swift */,
				26170A68277C54E400D3CFD6 /* ExploreViewController.swift */,
				26170A6A277C551600D3CFD6 /* NotificationsViewController.swift */,
				26170A6C277C567600D3CFD6 /* TabBarController.swift */,
				26CF046F2789A7130052801C /* SearchViewController.swift */,
			);
			path = Controllers;
			sourceTree = "<group>";
		};
		263ADCFF2786D4C600624C82 /* Helper */ = {
			isa = PBXGroup;
			children = (
			);
			path = Helper;
			sourceTree = "<group>";
		};
		263ADD022786D4F300624C82 /* Model */ = {
			isa = PBXGroup;
			children = (
				26B13CEE281C7913003C295E /* TVSeries */,
				26B13CED281C7902003C295E /* Movies */,
			);
			path = Model;
			sourceTree = "<group>";
		};
		263ADD052786D52100624C82 /* Service */ = {
			isa = PBXGroup;
			children = (
				263ADD062786D52F00624C82 /* AlamofireManager.swift */,
			);
			path = Service;
			sourceTree = "<group>";
		};
		263ADD082786D5D700624C82 /* Cells */ = {
			isa = PBXGroup;
			children = (
				26B13CF4281C8AB7003C295E /* TVSeries */,
				26B13CF3281C8A6B003C295E /* Movies */,
				26DFEF46280AA75E00F2E5A6 /* TitleHeaderCollectionReusableView.swift */,
			);
			path = Cells;
			sourceTree = "<group>";
		};
		263ADD0D27870B3700624C82 /* ViewModels */ = {
			isa = PBXGroup;
			children = (
				26B13CF8281C8B73003C295E /* Series */,
				26B13CF7281C8B67003C295E /* Movies */,
			);
			path = ViewModels;
			sourceTree = "<group>";
		};
		263ADD1027871E4D00624C82 /* Protocols */ = {
			isa = PBXGroup;
			children = (
				263ADD1127871E5C00624C82 /* Protocols.swift */,
			);
			path = Protocols;
			sourceTree = "<group>";
		};
		26B13CED281C7902003C295E /* Movies */ = {
			isa = PBXGroup;
			children = (
				26D4B8162802B55A00A0B63D /* TopRatedMoviesResponse.swift */,
				26D4B8182802B73D00A0B63D /* PopularMoviesResponse.swift */,
				26D4B81A2802B82900A0B63D /* UpcomingMovieResponse.swift */,
				26D4B81C2802B8DB00A0B63D /* NowPlayingMoviesResponse.swift */,
			);
			path = Movies;
			sourceTree = "<group>";
		};
		26B13CEE281C7913003C295E /* TVSeries */ = {
			isa = PBXGroup;
			children = (
				26B13CF1281C8837003C295E /* AiringTodayTVSeriesResponse.swift */,
				26B13CF9281DD87E003C295E /* PopularTVSeriesResponse.swift */,
				26B13CFD281DF305003C295E /* TopRatedTVSeriesResponse.swift */,
			);
			path = TVSeries;
			sourceTree = "<group>";
		};
		26B13CF3281C8A6B003C295E /* Movies */ = {
			isa = PBXGroup;
			children = (
				26DFEF4B280AC9D600F2E5A6 /* TopRatedMoviesCollectionViewCell.swift */,
				263ADD0B2786D64E00624C82 /* MoviesCollectionViewCell.swift */,
				26DFEF4D280B5A6900F2E5A6 /* UpcomingCollectionViewCell.swift */,
				26DFEF55280C1D0400F2E5A6 /* PopularMoviesCollectionViewCell.swift */,
				26DFEF57280C2DD500F2E5A6 /* NowPlayingMoviesCollectionViewCell.swift */,
			);
			path = Movies;
			sourceTree = "<group>";
		};
		26B13CF4281C8AB7003C295E /* TVSeries */ = {
			isa = PBXGroup;
			children = (
				26B13CF5281C8AFA003C295E /* AiringTodayTVSeriesCollectionViewCell.swift */,
				26B13CFB281DD95E003C295E /* PopularTVSeriesCollectionViewCell.swift */,
				26B13CFF281DF38A003C295E /* TopRatedTVSeriesCollectionViewCell.swift */,
			);
			path = TVSeries;
			sourceTree = "<group>";
		};
		26B13CF7281C8B67003C295E /* Movies */ = {
			isa = PBXGroup;
			children = (
				26DFEF4F280C1C4900F2E5A6 /* TopRatedMoviesCellViewModel.swift */,
				26DFEF51280C1C7700F2E5A6 /* PopularMoviesCellViewModel.swift */,
				26DFEF53280C1C9200F2E5A6 /* UpcomingMoviesCellViewModel.swift */,
			);
			path = Movies;
			sourceTree = "<group>";
		};
		26B13CF8281C8B73003C295E /* Series */ = {
			isa = PBXGroup;
			children = (
			);
			path = Series;
			sourceTree = "<group>";
		};
		26D4B8152802ABFC00A0B63D /* extras */ = {
			isa = PBXGroup;
			children = (
				263ADD0E27870B4B00624C82 /* MoviesViewModel.swift */,
				263ADD032786D50100624C82 /* MovieResponse.swift */,
				263ADD002786D4D100624C82 /* Headers.swift */,
				263ADD092786D5F000624C82 /* MoviesTableViewCell.swift */,
			);
			path = extras;
			sourceTree = "<group>";
		};
		26DFEF48280AA7F400F2E5A6 /* Extensions */ = {
			isa = PBXGroup;
			children = (
				26DFEF49280AA80C00F2E5A6 /* Extensions.swift */,
			);
			path = Extensions;
			sourceTree = "<group>";
		};
		51997E261ECD3DB4177FE416 /* Pods */ = {
			isa = PBXGroup;
			children = (
				7D4AA0151BE22A32FD1DBAEC /* Pods-MovieManiac.debug.xcconfig */,
				C844632D37DDD8513231E8AF /* Pods-MovieManiac.release.xcconfig */,
				1C7EC3117A6380F31DDBC611 /* Pods-MovieManiac-MovieManiacUITests.debug.xcconfig */,
				218015D02B3870F3F87E9998 /* Pods-MovieManiac-MovieManiacUITests.release.xcconfig */,
				9C5B13D285973038EFF0D088 /* Pods-MovieManiacTests.debug.xcconfig */,
				1FB2DA3D332C9265AD564DD3 /* Pods-MovieManiacTests.release.xcconfig */,
			);
			path = Pods;
			sourceTree = "<group>";
		};
/* End PBXGroup section */

/* Begin PBXNativeTarget section */
		26170A30277C520900D3CFD6 /* MovieManiac */ = {
			isa = PBXNativeTarget;
			buildConfigurationList = 26170A5B277C520F00D3CFD6 /* Build configuration list for PBXNativeTarget "MovieManiac" */;
			buildPhases = (
				1E4C2E74B87AB2CA84B4C8CD /* [CP] Check Pods Manifest.lock */,
				26170A2D277C520900D3CFD6 /* Sources */,
				26170A2E277C520900D3CFD6 /* Frameworks */,
				26170A2F277C520900D3CFD6 /* Resources */,
				E109338F5252C848090EA0A1 /* [CP] Embed Pods Frameworks */,
			);
			buildRules = (
			);
			dependencies = (
			);
			name = MovieManiac;
			productName = MovieManiac;
			productReference = 26170A31277C520900D3CFD6 /* MovieManiac.app */;
			productType = "com.apple.product-type.application";
		};
		26170A46277C520E00D3CFD6 /* MovieManiacTests */ = {
			isa = PBXNativeTarget;
			buildConfigurationList = 26170A5E277C520F00D3CFD6 /* Build configuration list for PBXNativeTarget "MovieManiacTests" */;
			buildPhases = (
				A6634B926734FD060A19D2EC /* [CP] Check Pods Manifest.lock */,
				26170A43277C520E00D3CFD6 /* Sources */,
				26170A44277C520E00D3CFD6 /* Frameworks */,
				26170A45277C520E00D3CFD6 /* Resources */,
			);
			buildRules = (
			);
			dependencies = (
				26170A49277C520E00D3CFD6 /* PBXTargetDependency */,
			);
			name = MovieManiacTests;
			productName = MovieManiacTests;
			productReference = 26170A47277C520E00D3CFD6 /* MovieManiacTests.xctest */;
			productType = "com.apple.product-type.bundle.unit-test";
		};
		26170A51277C520F00D3CFD6 /* MovieManiacUITests */ = {
			isa = PBXNativeTarget;
			buildConfigurationList = 26170A61277C520F00D3CFD6 /* Build configuration list for PBXNativeTarget "MovieManiacUITests" */;
			buildPhases = (
				1DABD449758DCFD8934EC5F8 /* [CP] Check Pods Manifest.lock */,
				26170A4E277C520F00D3CFD6 /* Sources */,
				26170A4F277C520F00D3CFD6 /* Frameworks */,
				26170A50277C520F00D3CFD6 /* Resources */,
				C10357C4BE9D241725504FA0 /* [CP] Embed Pods Frameworks */,
			);
			buildRules = (
			);
			dependencies = (
				26170A54277C520F00D3CFD6 /* PBXTargetDependency */,
			);
			name = MovieManiacUITests;
			productName = MovieManiacUITests;
			productReference = 26170A52277C520F00D3CFD6 /* MovieManiacUITests.xctest */;
			productType = "com.apple.product-type.bundle.ui-testing";
		};
/* End PBXNativeTarget section */

/* Begin PBXProject section */
		26170A29277C520900D3CFD6 /* Project object */ = {
			isa = PBXProject;
			attributes = {
				LastSwiftUpdateCheck = 1250;
				LastUpgradeCheck = 1250;
				TargetAttributes = {
					26170A30277C520900D3CFD6 = {
						CreatedOnToolsVersion = 12.5.1;
					};
					26170A46277C520E00D3CFD6 = {
						CreatedOnToolsVersion = 12.5.1;
						TestTargetID = 26170A30277C520900D3CFD6;
					};
					26170A51277C520F00D3CFD6 = {
						CreatedOnToolsVersion = 12.5.1;
						TestTargetID = 26170A30277C520900D3CFD6;
					};
				};
			};
			buildConfigurationList = 26170A2C277C520900D3CFD6 /* Build configuration list for PBXProject "MovieManiac" */;
			compatibilityVersion = "Xcode 9.3";
			developmentRegion = en;
			hasScannedForEncodings = 0;
			knownRegions = (
				en,
				Base,
			);
			mainGroup = 26170A28277C520900D3CFD6;
			productRefGroup = 26170A32277C520900D3CFD6 /* Products */;
			projectDirPath = "";
			projectRoot = "";
			targets = (
				26170A30277C520900D3CFD6 /* MovieManiac */,
				26170A46277C520E00D3CFD6 /* MovieManiacTests */,
				26170A51277C520F00D3CFD6 /* MovieManiacUITests */,
			);
		};
/* End PBXProject section */

/* Begin PBXResourcesBuildPhase section */
		26170A2F277C520900D3CFD6 /* Resources */ = {
			isa = PBXResourcesBuildPhase;
			buildActionMask = 2147483647;
			files = (
				26170A41277C520E00D3CFD6 /* LaunchScreen.storyboard in Resources */,
				26170A3E277C520E00D3CFD6 /* Assets.xcassets in Resources */,
			);
			runOnlyForDeploymentPostprocessing = 0;
		};
		26170A45277C520E00D3CFD6 /* Resources */ = {
			isa = PBXResourcesBuildPhase;
			buildActionMask = 2147483647;
			files = (
			);
			runOnlyForDeploymentPostprocessing = 0;
		};
		26170A50277C520F00D3CFD6 /* Resources */ = {
			isa = PBXResourcesBuildPhase;
			buildActionMask = 2147483647;
			files = (
			);
			runOnlyForDeploymentPostprocessing = 0;
		};
/* End PBXResourcesBuildPhase section */

/* Begin PBXShellScriptBuildPhase section */
		1DABD449758DCFD8934EC5F8 /* [CP] Check Pods Manifest.lock */ = {
			isa = PBXShellScriptBuildPhase;
			buildActionMask = 2147483647;
			files = (
			);
			inputFileListPaths = (
			);
			inputPaths = (
				"${PODS_PODFILE_DIR_PATH}/Podfile.lock",
				"${PODS_ROOT}/Manifest.lock",
			);
			name = "[CP] Check Pods Manifest.lock";
			outputFileListPaths = (
			);
			outputPaths = (
				"$(DERIVED_FILE_DIR)/Pods-MovieManiac-MovieManiacUITests-checkManifestLockResult.txt",
			);
			runOnlyForDeploymentPostprocessing = 0;
			shellPath = /bin/sh;
			shellScript = "diff \"${PODS_PODFILE_DIR_PATH}/Podfile.lock\" \"${PODS_ROOT}/Manifest.lock\" > /dev/null\nif [ $? != 0 ] ; then\n    # print error to STDERR\n    echo \"error: The sandbox is not in sync with the Podfile.lock. Run 'pod install' or update your CocoaPods installation.\" >&2\n    exit 1\nfi\n# This output is used by Xcode 'outputs' to avoid re-running this script phase.\necho \"SUCCESS\" > \"${SCRIPT_OUTPUT_FILE_0}\"\n";
			showEnvVarsInLog = 0;
		};
		1E4C2E74B87AB2CA84B4C8CD /* [CP] Check Pods Manifest.lock */ = {
			isa = PBXShellScriptBuildPhase;
			buildActionMask = 2147483647;
			files = (
			);
			inputFileListPaths = (
			);
			inputPaths = (
				"${PODS_PODFILE_DIR_PATH}/Podfile.lock",
				"${PODS_ROOT}/Manifest.lock",
			);
			name = "[CP] Check Pods Manifest.lock";
			outputFileListPaths = (
			);
			outputPaths = (
				"$(DERIVED_FILE_DIR)/Pods-MovieManiac-checkManifestLockResult.txt",
			);
			runOnlyForDeploymentPostprocessing = 0;
			shellPath = /bin/sh;
			shellScript = "diff \"${PODS_PODFILE_DIR_PATH}/Podfile.lock\" \"${PODS_ROOT}/Manifest.lock\" > /dev/null\nif [ $? != 0 ] ; then\n    # print error to STDERR\n    echo \"error: The sandbox is not in sync with the Podfile.lock. Run 'pod install' or update your CocoaPods installation.\" >&2\n    exit 1\nfi\n# This output is used by Xcode 'outputs' to avoid re-running this script phase.\necho \"SUCCESS\" > \"${SCRIPT_OUTPUT_FILE_0}\"\n";
			showEnvVarsInLog = 0;
		};
		A6634B926734FD060A19D2EC /* [CP] Check Pods Manifest.lock */ = {
			isa = PBXShellScriptBuildPhase;
			buildActionMask = 2147483647;
			files = (
			);
			inputFileListPaths = (
			);
			inputPaths = (
				"${PODS_PODFILE_DIR_PATH}/Podfile.lock",
				"${PODS_ROOT}/Manifest.lock",
			);
			name = "[CP] Check Pods Manifest.lock";
			outputFileListPaths = (
			);
			outputPaths = (
				"$(DERIVED_FILE_DIR)/Pods-MovieManiacTests-checkManifestLockResult.txt",
			);
			runOnlyForDeploymentPostprocessing = 0;
			shellPath = /bin/sh;
			shellScript = "diff \"${PODS_PODFILE_DIR_PATH}/Podfile.lock\" \"${PODS_ROOT}/Manifest.lock\" > /dev/null\nif [ $? != 0 ] ; then\n    # print error to STDERR\n    echo \"error: The sandbox is not in sync with the Podfile.lock. Run 'pod install' or update your CocoaPods installation.\" >&2\n    exit 1\nfi\n# This output is used by Xcode 'outputs' to avoid re-running this script phase.\necho \"SUCCESS\" > \"${SCRIPT_OUTPUT_FILE_0}\"\n";
			showEnvVarsInLog = 0;
		};
		C10357C4BE9D241725504FA0 /* [CP] Embed Pods Frameworks */ = {
			isa = PBXShellScriptBuildPhase;
			buildActionMask = 2147483647;
			files = (
			);
			inputFileListPaths = (
				"${PODS_ROOT}/Target Support Files/Pods-MovieManiac-MovieManiacUITests/Pods-MovieManiac-MovieManiacUITests-frameworks-${CONFIGURATION}-input-files.xcfilelist",
			);
			name = "[CP] Embed Pods Frameworks";
			outputFileListPaths = (
				"${PODS_ROOT}/Target Support Files/Pods-MovieManiac-MovieManiacUITests/Pods-MovieManiac-MovieManiacUITests-frameworks-${CONFIGURATION}-output-files.xcfilelist",
			);
			runOnlyForDeploymentPostprocessing = 0;
			shellPath = /bin/sh;
			shellScript = "\"${PODS_ROOT}/Target Support Files/Pods-MovieManiac-MovieManiacUITests/Pods-MovieManiac-MovieManiacUITests-frameworks.sh\"\n";
			showEnvVarsInLog = 0;
		};
		E109338F5252C848090EA0A1 /* [CP] Embed Pods Frameworks */ = {
			isa = PBXShellScriptBuildPhase;
			buildActionMask = 2147483647;
			files = (
			);
			inputFileListPaths = (
				"${PODS_ROOT}/Target Support Files/Pods-MovieManiac/Pods-MovieManiac-frameworks-${CONFIGURATION}-input-files.xcfilelist",
			);
			name = "[CP] Embed Pods Frameworks";
			outputFileListPaths = (
				"${PODS_ROOT}/Target Support Files/Pods-MovieManiac/Pods-MovieManiac-frameworks-${CONFIGURATION}-output-files.xcfilelist",
			);
			runOnlyForDeploymentPostprocessing = 0;
			shellPath = /bin/sh;
			shellScript = "\"${PODS_ROOT}/Target Support Files/Pods-MovieManiac/Pods-MovieManiac-frameworks.sh\"\n";
			showEnvVarsInLog = 0;
		};
/* End PBXShellScriptBuildPhase section */

/* Begin PBXSourcesBuildPhase section */
		26170A2D277C520900D3CFD6 /* Sources */ = {
			isa = PBXSourcesBuildPhase;
			buildActionMask = 2147483647;
			files = (
				26B13D00281DF38A003C295E /* TopRatedTVSeriesCollectionViewCell.swift in Sources */,
				26D4B81D2802B8DB00A0B63D /* NowPlayingMoviesResponse.swift in Sources */,
				26B13CFC281DD95E003C295E /* PopularTVSeriesCollectionViewCell.swift in Sources */,
				26CF04702789A7130052801C /* SearchViewController.swift in Sources */,
				26DFEF50280C1C4900F2E5A6 /* TopRatedMoviesCellViewModel.swift in Sources */,
				26DFEF56280C1D0400F2E5A6 /* PopularMoviesCollectionViewCell.swift in Sources */,
				26170A39277C520900D3CFD6 /* MoviesController.swift in Sources */,
				26170A35277C520900D3CFD6 /* AppDelegate.swift in Sources */,
				26170A69277C54E400D3CFD6 /* ExploreViewController.swift in Sources */,
				26B13CF2281C8837003C295E /* AiringTodayTVSeriesResponse.swift in Sources */,
				263ADD0C2786D64E00624C82 /* MoviesCollectionViewCell.swift in Sources */,
				263ADD012786D4D100624C82 /* Headers.swift in Sources */,
				26B13CFA281DD87F003C295E /* PopularTVSeriesResponse.swift in Sources */,
				26DFEF58280C2DD500F2E5A6 /* NowPlayingMoviesCollectionViewCell.swift in Sources */,
				26B13CF6281C8AFA003C295E /* AiringTodayTVSeriesCollectionViewCell.swift in Sources */,
				26DFEF47280AA75E00F2E5A6 /* TitleHeaderCollectionReusableView.swift in Sources */,
				26D4B8192802B73D00A0B63D /* PopularMoviesResponse.swift in Sources */,
				26D4B81B2802B82900A0B63D /* UpcomingMovieResponse.swift in Sources */,
				26170A6B277C551600D3CFD6 /* NotificationsViewController.swift in Sources */,
				26DFEF52280C1C7700F2E5A6 /* PopularMoviesCellViewModel.swift in Sources */,
				26170A6D277C567600D3CFD6 /* TabBarController.swift in Sources */,
				263ADD0F27870B4B00624C82 /* MoviesViewModel.swift in Sources */,
				26DFEF4A280AA80C00F2E5A6 /* Extensions.swift in Sources */,
				263ADD0A2786D5F000624C82 /* MoviesTableViewCell.swift in Sources */,
				26B13CFE281DF305003C295E /* TopRatedTVSeriesResponse.swift in Sources */,
				263ADD1227871E5C00624C82 /* Protocols.swift in Sources */,
				263ADD042786D50100624C82 /* MovieResponse.swift in Sources */,
				26DFEF54280C1C9200F2E5A6 /* UpcomingMoviesCellViewModel.swift in Sources */,
				26D4B8172802B55A00A0B63D /* TopRatedMoviesResponse.swift in Sources */,
				26DFEF4C280AC9D600F2E5A6 /* TopRatedMoviesCollectionViewCell.swift in Sources */,
				26170A37277C520900D3CFD6 /* SceneDelegate.swift in Sources */,
				263ADD072786D52F00624C82 /* AlamofireManager.swift in Sources */,
				26DFEF4E280B5A6900F2E5A6 /* UpcomingCollectionViewCell.swift in Sources */,
				26170A67277C546700D3CFD6 /* SeriesViewController.swift in Sources */,
			);
			runOnlyForDeploymentPostprocessing = 0;
		};
		26170A43277C520E00D3CFD6 /* Sources */ = {
			isa = PBXSourcesBuildPhase;
			buildActionMask = 2147483647;
			files = (
				26170A4C277C520F00D3CFD6 /* MovieManiacTests.swift in Sources */,
			);
			runOnlyForDeploymentPostprocessing = 0;
		};
		26170A4E277C520F00D3CFD6 /* Sources */ = {
			isa = PBXSourcesBuildPhase;
			buildActionMask = 2147483647;
			files = (
				26170A57277C520F00D3CFD6 /* MovieManiacUITests.swift in Sources */,
			);
			runOnlyForDeploymentPostprocessing = 0;
		};
/* End PBXSourcesBuildPhase section */

/* Begin PBXTargetDependency section */
		26170A49277C520E00D3CFD6 /* PBXTargetDependency */ = {
			isa = PBXTargetDependency;
			target = 26170A30277C520900D3CFD6 /* MovieManiac */;
			targetProxy = 26170A48277C520E00D3CFD6 /* PBXContainerItemProxy */;
		};
		26170A54277C520F00D3CFD6 /* PBXTargetDependency */ = {
			isa = PBXTargetDependency;
			target = 26170A30277C520900D3CFD6 /* MovieManiac */;
			targetProxy = 26170A53277C520F00D3CFD6 /* PBXContainerItemProxy */;
		};
/* End PBXTargetDependency section */

/* Begin PBXVariantGroup section */
		26170A3F277C520E00D3CFD6 /* LaunchScreen.storyboard */ = {
			isa = PBXVariantGroup;
			children = (
				26170A40277C520E00D3CFD6 /* Base */,
			);
			name = LaunchScreen.storyboard;
			sourceTree = "<group>";
		};
/* End PBXVariantGroup section */

/* Begin XCBuildConfiguration section */
		26170A59277C520F00D3CFD6 /* Debug */ = {
			isa = XCBuildConfiguration;
			buildSettings = {
				ALWAYS_SEARCH_USER_PATHS = NO;
				CLANG_ANALYZER_NONNULL = YES;
				CLANG_ANALYZER_NUMBER_OBJECT_CONVERSION = YES_AGGRESSIVE;
				CLANG_CXX_LANGUAGE_STANDARD = "gnu++14";
				CLANG_CXX_LIBRARY = "libc++";
				CLANG_ENABLE_MODULES = YES;
				CLANG_ENABLE_OBJC_ARC = YES;
				CLANG_ENABLE_OBJC_WEAK = YES;
				CLANG_WARN_BLOCK_CAPTURE_AUTORELEASING = YES;
				CLANG_WARN_BOOL_CONVERSION = YES;
				CLANG_WARN_COMMA = YES;
				CLANG_WARN_CONSTANT_CONVERSION = YES;
				CLANG_WARN_DEPRECATED_OBJC_IMPLEMENTATIONS = YES;
				CLANG_WARN_DIRECT_OBJC_ISA_USAGE = YES_ERROR;
				CLANG_WARN_DOCUMENTATION_COMMENTS = YES;
				CLANG_WARN_EMPTY_BODY = YES;
				CLANG_WARN_ENUM_CONVERSION = YES;
				CLANG_WARN_INFINITE_RECURSION = YES;
				CLANG_WARN_INT_CONVERSION = YES;
				CLANG_WARN_NON_LITERAL_NULL_CONVERSION = YES;
				CLANG_WARN_OBJC_IMPLICIT_RETAIN_SELF = YES;
				CLANG_WARN_OBJC_LITERAL_CONVERSION = YES;
				CLANG_WARN_OBJC_ROOT_CLASS = YES_ERROR;
				CLANG_WARN_QUOTED_INCLUDE_IN_FRAMEWORK_HEADER = YES;
				CLANG_WARN_RANGE_LOOP_ANALYSIS = YES;
				CLANG_WARN_STRICT_PROTOTYPES = YES;
				CLANG_WARN_SUSPICIOUS_MOVE = YES;
				CLANG_WARN_UNGUARDED_AVAILABILITY = YES_AGGRESSIVE;
				CLANG_WARN_UNREACHABLE_CODE = YES;
				CLANG_WARN__DUPLICATE_METHOD_MATCH = YES;
				COPY_PHASE_STRIP = NO;
				DEBUG_INFORMATION_FORMAT = dwarf;
				ENABLE_STRICT_OBJC_MSGSEND = YES;
				ENABLE_TESTABILITY = YES;
				GCC_C_LANGUAGE_STANDARD = gnu11;
				GCC_DYNAMIC_NO_PIC = NO;
				GCC_NO_COMMON_BLOCKS = YES;
				GCC_OPTIMIZATION_LEVEL = 0;
				GCC_PREPROCESSOR_DEFINITIONS = (
					"DEBUG=1",
					"$(inherited)",
				);
				GCC_WARN_64_TO_32_BIT_CONVERSION = YES;
				GCC_WARN_ABOUT_RETURN_TYPE = YES_ERROR;
				GCC_WARN_UNDECLARED_SELECTOR = YES;
				GCC_WARN_UNINITIALIZED_AUTOS = YES_AGGRESSIVE;
				GCC_WARN_UNUSED_FUNCTION = YES;
				GCC_WARN_UNUSED_VARIABLE = YES;
				IPHONEOS_DEPLOYMENT_TARGET = 14.5;
				MTL_ENABLE_DEBUG_INFO = INCLUDE_SOURCE;
				MTL_FAST_MATH = YES;
				ONLY_ACTIVE_ARCH = YES;
				SDKROOT = iphoneos;
				SWIFT_ACTIVE_COMPILATION_CONDITIONS = DEBUG;
				SWIFT_OPTIMIZATION_LEVEL = "-Onone";
			};
			name = Debug;
		};
		26170A5A277C520F00D3CFD6 /* Release */ = {
			isa = XCBuildConfiguration;
			buildSettings = {
				ALWAYS_SEARCH_USER_PATHS = NO;
				CLANG_ANALYZER_NONNULL = YES;
				CLANG_ANALYZER_NUMBER_OBJECT_CONVERSION = YES_AGGRESSIVE;
				CLANG_CXX_LANGUAGE_STANDARD = "gnu++14";
				CLANG_CXX_LIBRARY = "libc++";
				CLANG_ENABLE_MODULES = YES;
				CLANG_ENABLE_OBJC_ARC = YES;
				CLANG_ENABLE_OBJC_WEAK = YES;
				CLANG_WARN_BLOCK_CAPTURE_AUTORELEASING = YES;
				CLANG_WARN_BOOL_CONVERSION = YES;
				CLANG_WARN_COMMA = YES;
				CLANG_WARN_CONSTANT_CONVERSION = YES;
				CLANG_WARN_DEPRECATED_OBJC_IMPLEMENTATIONS = YES;
				CLANG_WARN_DIRECT_OBJC_ISA_USAGE = YES_ERROR;
				CLANG_WARN_DOCUMENTATION_COMMENTS = YES;
				CLANG_WARN_EMPTY_BODY = YES;
				CLANG_WARN_ENUM_CONVERSION = YES;
				CLANG_WARN_INFINITE_RECURSION = YES;
				CLANG_WARN_INT_CONVERSION = YES;
				CLANG_WARN_NON_LITERAL_NULL_CONVERSION = YES;
				CLANG_WARN_OBJC_IMPLICIT_RETAIN_SELF = YES;
				CLANG_WARN_OBJC_LITERAL_CONVERSION = YES;
				CLANG_WARN_OBJC_ROOT_CLASS = YES_ERROR;
				CLANG_WARN_QUOTED_INCLUDE_IN_FRAMEWORK_HEADER = YES;
				CLANG_WARN_RANGE_LOOP_ANALYSIS = YES;
				CLANG_WARN_STRICT_PROTOTYPES = YES;
				CLANG_WARN_SUSPICIOUS_MOVE = YES;
				CLANG_WARN_UNGUARDED_AVAILABILITY = YES_AGGRESSIVE;
				CLANG_WARN_UNREACHABLE_CODE = YES;
				CLANG_WARN__DUPLICATE_METHOD_MATCH = YES;
				COPY_PHASE_STRIP = NO;
				DEBUG_INFORMATION_FORMAT = "dwarf-with-dsym";
				ENABLE_NS_ASSERTIONS = NO;
				ENABLE_STRICT_OBJC_MSGSEND = YES;
				GCC_C_LANGUAGE_STANDARD = gnu11;
				GCC_NO_COMMON_BLOCKS = YES;
				GCC_WARN_64_TO_32_BIT_CONVERSION = YES;
				GCC_WARN_ABOUT_RETURN_TYPE = YES_ERROR;
				GCC_WARN_UNDECLARED_SELECTOR = YES;
				GCC_WARN_UNINITIALIZED_AUTOS = YES_AGGRESSIVE;
				GCC_WARN_UNUSED_FUNCTION = YES;
				GCC_WARN_UNUSED_VARIABLE = YES;
				IPHONEOS_DEPLOYMENT_TARGET = 14.5;
				MTL_ENABLE_DEBUG_INFO = NO;
				MTL_FAST_MATH = YES;
				SDKROOT = iphoneos;
				SWIFT_COMPILATION_MODE = wholemodule;
				SWIFT_OPTIMIZATION_LEVEL = "-O";
				VALIDATE_PRODUCT = YES;
			};
			name = Release;
		};
		26170A5C277C520F00D3CFD6 /* Debug */ = {
			isa = XCBuildConfiguration;
			baseConfigurationReference = 7D4AA0151BE22A32FD1DBAEC /* Pods-MovieManiac.debug.xcconfig */;
			buildSettings = {
				ASSETCATALOG_COMPILER_APPICON_NAME = AppIcon;
				ASSETCATALOG_COMPILER_GLOBAL_ACCENT_COLOR_NAME = AccentColor;
				CODE_SIGN_STYLE = Automatic;
				INFOPLIST_FILE = MovieManiac/Info.plist;
				LD_RUNPATH_SEARCH_PATHS = (
					"$(inherited)",
					"@executable_path/Frameworks",
				);
				PRODUCT_BUNDLE_IDENTIFIER = com.bigNerRanch.MovieManiac;
				PRODUCT_NAME = "$(TARGET_NAME)";
				SWIFT_VERSION = 5.0;
				TARGETED_DEVICE_FAMILY = "1,2";
			};
			name = Debug;
		};
		26170A5D277C520F00D3CFD6 /* Release */ = {
			isa = XCBuildConfiguration;
			baseConfigurationReference = C844632D37DDD8513231E8AF /* Pods-MovieManiac.release.xcconfig */;
			buildSettings = {
				ASSETCATALOG_COMPILER_APPICON_NAME = AppIcon;
				ASSETCATALOG_COMPILER_GLOBAL_ACCENT_COLOR_NAME = AccentColor;
				CODE_SIGN_STYLE = Automatic;
				INFOPLIST_FILE = MovieManiac/Info.plist;
				LD_RUNPATH_SEARCH_PATHS = (
					"$(inherited)",
					"@executable_path/Frameworks",
				);
				PRODUCT_BUNDLE_IDENTIFIER = com.bigNerRanch.MovieManiac;
				PRODUCT_NAME = "$(TARGET_NAME)";
				SWIFT_VERSION = 5.0;
				TARGETED_DEVICE_FAMILY = "1,2";
			};
			name = Release;
		};
		26170A5F277C520F00D3CFD6 /* Debug */ = {
			isa = XCBuildConfiguration;
			baseConfigurationReference = 9C5B13D285973038EFF0D088 /* Pods-MovieManiacTests.debug.xcconfig */;
			buildSettings = {
				ALWAYS_EMBED_SWIFT_STANDARD_LIBRARIES = YES;
				BUNDLE_LOADER = "$(TEST_HOST)";
				CODE_SIGN_STYLE = Automatic;
				INFOPLIST_FILE = MovieManiacTests/Info.plist;
				IPHONEOS_DEPLOYMENT_TARGET = 14.5;
				LD_RUNPATH_SEARCH_PATHS = (
					"$(inherited)",
					"@executable_path/Frameworks",
					"@loader_path/Frameworks",
				);
				PRODUCT_BUNDLE_IDENTIFIER = com.bigNerRanch.MovieManiacTests;
				PRODUCT_NAME = "$(TARGET_NAME)";
				SWIFT_VERSION = 5.0;
				TARGETED_DEVICE_FAMILY = "1,2";
				TEST_HOST = "$(BUILT_PRODUCTS_DIR)/MovieManiac.app/MovieManiac";
			};
			name = Debug;
		};
		26170A60277C520F00D3CFD6 /* Release */ = {
			isa = XCBuildConfiguration;
			baseConfigurationReference = 1FB2DA3D332C9265AD564DD3 /* Pods-MovieManiacTests.release.xcconfig */;
			buildSettings = {
				ALWAYS_EMBED_SWIFT_STANDARD_LIBRARIES = YES;
				BUNDLE_LOADER = "$(TEST_HOST)";
				CODE_SIGN_STYLE = Automatic;
				INFOPLIST_FILE = MovieManiacTests/Info.plist;
				IPHONEOS_DEPLOYMENT_TARGET = 14.5;
				LD_RUNPATH_SEARCH_PATHS = (
					"$(inherited)",
					"@executable_path/Frameworks",
					"@loader_path/Frameworks",
				);
				PRODUCT_BUNDLE_IDENTIFIER = com.bigNerRanch.MovieManiacTests;
				PRODUCT_NAME = "$(TARGET_NAME)";
				SWIFT_VERSION = 5.0;
				TARGETED_DEVICE_FAMILY = "1,2";
				TEST_HOST = "$(BUILT_PRODUCTS_DIR)/MovieManiac.app/MovieManiac";
			};
			name = Release;
		};
		26170A62277C520F00D3CFD6 /* Debug */ = {
			isa = XCBuildConfiguration;
			baseConfigurationReference = 1C7EC3117A6380F31DDBC611 /* Pods-MovieManiac-MovieManiacUITests.debug.xcconfig */;
			buildSettings = {
				ALWAYS_EMBED_SWIFT_STANDARD_LIBRARIES = YES;
				CODE_SIGN_STYLE = Automatic;
				INFOPLIST_FILE = MovieManiacUITests/Info.plist;
				LD_RUNPATH_SEARCH_PATHS = (
					"$(inherited)",
					"@executable_path/Frameworks",
					"@loader_path/Frameworks",
				);
				PRODUCT_BUNDLE_IDENTIFIER = com.bigNerRanch.MovieManiacUITests;
				PRODUCT_NAME = "$(TARGET_NAME)";
				SWIFT_VERSION = 5.0;
				TARGETED_DEVICE_FAMILY = "1,2";
				TEST_TARGET_NAME = MovieManiac;
			};
			name = Debug;
		};
		26170A63277C520F00D3CFD6 /* Release */ = {
			isa = XCBuildConfiguration;
			baseConfigurationReference = 218015D02B3870F3F87E9998 /* Pods-MovieManiac-MovieManiacUITests.release.xcconfig */;
			buildSettings = {
				ALWAYS_EMBED_SWIFT_STANDARD_LIBRARIES = YES;
				CODE_SIGN_STYLE = Automatic;
				INFOPLIST_FILE = MovieManiacUITests/Info.plist;
				LD_RUNPATH_SEARCH_PATHS = (
					"$(inherited)",
					"@executable_path/Frameworks",
					"@loader_path/Frameworks",
				);
				PRODUCT_BUNDLE_IDENTIFIER = com.bigNerRanch.MovieManiacUITests;
				PRODUCT_NAME = "$(TARGET_NAME)";
				SWIFT_VERSION = 5.0;
				TARGETED_DEVICE_FAMILY = "1,2";
				TEST_TARGET_NAME = MovieManiac;
			};
			name = Release;
		};
/* End XCBuildConfiguration section */

/* Begin XCConfigurationList section */
		26170A2C277C520900D3CFD6 /* Build configuration list for PBXProject "MovieManiac" */ = {
			isa = XCConfigurationList;
			buildConfigurations = (
				26170A59277C520F00D3CFD6 /* Debug */,
				26170A5A277C520F00D3CFD6 /* Release */,
			);
			defaultConfigurationIsVisible = 0;
			defaultConfigurationName = Release;
		};
		26170A5B277C520F00D3CFD6 /* Build configuration list for PBXNativeTarget "MovieManiac" */ = {
			isa = XCConfigurationList;
			buildConfigurations = (
				26170A5C277C520F00D3CFD6 /* Debug */,
				26170A5D277C520F00D3CFD6 /* Release */,
			);
			defaultConfigurationIsVisible = 0;
			defaultConfigurationName = Release;
		};
		26170A5E277C520F00D3CFD6 /* Build configuration list for PBXNativeTarget "MovieManiacTests" */ = {
			isa = XCConfigurationList;
			buildConfigurations = (
				26170A5F277C520F00D3CFD6 /* Debug */,
				26170A60277C520F00D3CFD6 /* Release */,
			);
			defaultConfigurationIsVisible = 0;
			defaultConfigurationName = Release;
		};
		26170A61277C520F00D3CFD6 /* Build configuration list for PBXNativeTarget "MovieManiacUITests" */ = {
			isa = XCConfigurationList;
			buildConfigurations = (
				26170A62277C520F00D3CFD6 /* Debug */,
				26170A63277C520F00D3CFD6 /* Release */,
			);
			defaultConfigurationIsVisible = 0;
			defaultConfigurationName = Release;
		};
/* End XCConfigurationList section */
	};
	rootObject = 26170A29277C520900D3CFD6 /* Project object */;
}
